
Microsoft Visual Studio Solution File, Format Version 12.00
# Visual Studio Version 16
VisualStudioVersion = 16.0.31410.223
MinimumVisualStudioVersion = 10.0.40219.1
Project("{FAE04EC0-301F-11D3-BF4B-00C04F79EFBC}") = "GetPointAdmin", "GetPointAdmin\GetPointAdmin.csproj", "{1E77C0B9-2023-4C9A-98B8-D6393DE8E927}"
EndProject
Global
	GlobalSection(SolutionConfigurationPlatforms) = preSolution
		Debug|Any CPU = Debug|Any CPU
		Release|Any CPU = Release|Any CPU
	EndGlobalSection
	GlobalSection(ProjectConfigurationPlatforms) = postSolution
		{1E77C0B9-2023-4C9A-98B8-D6393DE8E927}.Debug|Any CPU.ActiveCfg = Debug|Any CPU
		{1E77C0B9-2023-4C9A-98B8-D6393DE8E927}.Debug|Any CPU.Build.0 = Debug|Any CPU
		{1E77C0B9-2023-4C9A-98B8-D6393DE8E927}.Release|Any CPU.ActiveCfg = Release|Any CPU
		{1E77C0B9-2023-4C9A-98B8-D6393DE8E927}.Release|Any CPU.Build.0 = Release|Any CPU
	EndGlobalSection
	GlobalSection(SolutionProperties) = preSolution
		HideSolutionNode = FALSE
	EndGlobalSection
	GlobalSection(ExtensibilityGlobals) = postSolution
		SolutionGuid = {419C5ABF-F3A3-4094-911E-B26F268101E3}
	EndGlobalSection
EndGlobal
